
Microsoft Visual Studio Solution File, Format Version 12.00
# Visual Studio Version 17
VisualStudioVersion = 17.5.33424.131
MinimumVisualStudioVersion = 10.0.40219.1
Project("{9A19103F-16F7-4668-BE54-9A1E7A4F7556}") = "CartingServiceBusinessLogic", "Sources\CartingService\CartingServiceBusinessLogic.csproj", "{3BC9CFBD-63CE-41C7-825D-9CDCCF802CD6}"
EndProject
Project("{9A19103F-16F7-4668-BE54-9A1E7A4F7556}") = "CartingServiceDAL", "Sources\CartingServiceDAL\CartingServiceDAL.csproj", "{40C8D635-191A-46F3-B6FD-FDDCF5831BF6}"
EndProject
Project("{2150E333-8FDC-42A3-9474-1A3956D46DE8}") = "Tests", "Tests", "{68F10E73-D917-4A41-8457-3D36559ECBE1}"
EndProject
Project("{2150E333-8FDC-42A3-9474-1A3956D46DE8}") = "Sources", "Sources", "{B8775E17-01F5-4D95-85F5-C51B8C324811}"
EndProject
Project("{9A19103F-16F7-4668-BE54-9A1E7A4F7556}") = "CartingServiceDALTests", "Tests\CartingServiceDALTests\CartingServiceDALTests.csproj", "{891338C2-3D76-462E-AA77-BC5330E9AA89}"
EndProject
Project("{9A19103F-16F7-4668-BE54-9A1E7A4F7556}") = "CartingServiceBysinessLogicTests", "Tests\CartingServiceBysinessLogicTests\CartingServiceBysinessLogicTests.csproj", "{CAE9B809-3F21-499C-96AA-267610575491}"
EndProject
Project("{2150E333-8FDC-42A3-9474-1A3956D46DE8}") = "CatalogService", "CatalogService", "{D0E1DF7B-F3AC-4E38-BEC1-AEECF800B520}"
EndProject
Project("{FAE04EC0-301F-11D3-BF4B-00C04F79EFBC}") = "CatalogService", "CatalogService\CatalogService.csproj", "{B5E5A747-4BA6-40D2-B8DA-34DC644BC25D}"
EndProject
Global
	GlobalSection(SolutionConfigurationPlatforms) = preSolution
		Debug|Any CPU = Debug|Any CPU
		Release|Any CPU = Release|Any CPU
	EndGlobalSection
	GlobalSection(ProjectConfigurationPlatforms) = postSolution
		{3BC9CFBD-63CE-41C7-825D-9CDCCF802CD6}.Debug|Any CPU.ActiveCfg = Debug|Any CPU
		{3BC9CFBD-63CE-41C7-825D-9CDCCF802CD6}.Debug|Any CPU.Build.0 = Debug|Any CPU
		{3BC9CFBD-63CE-41C7-825D-9CDCCF802CD6}.Release|Any CPU.ActiveCfg = Release|Any CPU
		{3BC9CFBD-63CE-41C7-825D-9CDCCF802CD6}.Release|Any CPU.Build.0 = Release|Any CPU
		{40C8D635-191A-46F3-B6FD-FDDCF5831BF6}.Debug|Any CPU.ActiveCfg = Debug|Any CPU
		{40C8D635-191A-46F3-B6FD-FDDCF5831BF6}.Debug|Any CPU.Build.0 = Debug|Any CPU
		{40C8D635-191A-46F3-B6FD-FDDCF5831BF6}.Release|Any CPU.ActiveCfg = Release|Any CPU
		{40C8D635-191A-46F3-B6FD-FDDCF5831BF6}.Release|Any CPU.Build.0 = Release|Any CPU
		{891338C2-3D76-462E-AA77-BC5330E9AA89}.Debug|Any CPU.ActiveCfg = Debug|Any CPU
		{891338C2-3D76-462E-AA77-BC5330E9AA89}.Debug|Any CPU.Build.0 = Debug|Any CPU
		{891338C2-3D76-462E-AA77-BC5330E9AA89}.Release|Any CPU.ActiveCfg = Release|Any CPU
		{891338C2-3D76-462E-AA77-BC5330E9AA89}.Release|Any CPU.Build.0 = Release|Any CPU
		{CAE9B809-3F21-499C-96AA-267610575491}.Debug|Any CPU.ActiveCfg = Debug|Any CPU
		{CAE9B809-3F21-499C-96AA-267610575491}.Debug|Any CPU.Build.0 = Debug|Any CPU
		{CAE9B809-3F21-499C-96AA-267610575491}.Release|Any CPU.ActiveCfg = Release|Any CPU
		{CAE9B809-3F21-499C-96AA-267610575491}.Release|Any CPU.Build.0 = Release|Any CPU
		{B5E5A747-4BA6-40D2-B8DA-34DC644BC25D}.Debug|Any CPU.ActiveCfg = Debug|Any CPU
		{B5E5A747-4BA6-40D2-B8DA-34DC644BC25D}.Debug|Any CPU.Build.0 = Debug|Any CPU
		{B5E5A747-4BA6-40D2-B8DA-34DC644BC25D}.Release|Any CPU.ActiveCfg = Release|Any CPU
		{B5E5A747-4BA6-40D2-B8DA-34DC644BC25D}.Release|Any CPU.Build.0 = Release|Any CPU
	EndGlobalSection
	GlobalSection(SolutionProperties) = preSolution
		HideSolutionNode = FALSE
	EndGlobalSection
	GlobalSection(NestedProjects) = preSolution
		{3BC9CFBD-63CE-41C7-825D-9CDCCF802CD6} = {B8775E17-01F5-4D95-85F5-C51B8C324811}
		{40C8D635-191A-46F3-B6FD-FDDCF5831BF6} = {B8775E17-01F5-4D95-85F5-C51B8C324811}
		{891338C2-3D76-462E-AA77-BC5330E9AA89} = {68F10E73-D917-4A41-8457-3D36559ECBE1}
		{CAE9B809-3F21-499C-96AA-267610575491} = {68F10E73-D917-4A41-8457-3D36559ECBE1}
		{D0E1DF7B-F3AC-4E38-BEC1-AEECF800B520} = {B8775E17-01F5-4D95-85F5-C51B8C324811}
		{B5E5A747-4BA6-40D2-B8DA-34DC644BC25D} = {D0E1DF7B-F3AC-4E38-BEC1-AEECF800B520}
	EndGlobalSection
	GlobalSection(ExtensibilityGlobals) = postSolution
		SolutionGuid = {4BD41CBC-9E53-496D-A1F3-9356D820C86C}
	EndGlobalSection
EndGlobal
