Microsoft Visual Studio Solution File, Format Version 12.00
# Visual Studio Version 17
VisualStudioVersion = 17.5.33424.131
MinimumVisualStudioVersion = 10.0.40219.1
Project("{9A19103F-16F7-4668-BE54-9A1E7A4F7556}") = "CartingServiceBusinessLogic", "Sources\CartingService\CartingServiceBusinessLogic\CartingServiceBusinessLogic.csproj", "{3BC9CFBD-63CE-41C7-825D-9CDCCF802CD6}"
EndProject
Project("{9A19103F-16F7-4668-BE54-9A1E7A4F7556}") = "CartingServiceDAL", "Sources\CartingService\CartingServiceDAL\CartingServiceDAL.csproj", "{40C8D635-191A-46F3-B6FD-FDDCF5831BF6}"
EndProject
Project("{2150E333-8FDC-42A3-9474-1A3956D46DE8}") = "Tests", "Tests", "{68F10E73-D917-4A41-8457-3D36559ECBE1}"
EndProject
Project("{2150E333-8FDC-42A3-9474-1A3956D46DE8}") = "Sources", "Sources", "{B8775E17-01F5-4D95-85F5-C51B8C324811}"
EndProject
Project("{9A19103F-16F7-4668-BE54-9A1E7A4F7556}") = "CartingServiceDALTests", "Tests\CartingServiceDALTests\CartingServiceDALTests.csproj", "{891338C2-3D76-462E-AA77-BC5330E9AA89}"
EndProject
Project("{9A19103F-16F7-4668-BE54-9A1E7A4F7556}") = "CartingServiceBysinessLogicTests", "Tests\CartingServiceBysinessLogicTests\CartingServiceBysinessLogicTests.csproj", "{CAE9B809-3F21-499C-96AA-267610575491}"
EndProject
Project("{2150E333-8FDC-42A3-9474-1A3956D46DE8}") = "CatalogService", "CatalogService", "{54BA54EA-A322-44B2-B191-8E5894061D61}"
EndProject
Project("{9A19103F-16F7-4668-BE54-9A1E7A4F7556}") = "Infrastructure", "Sources\CatalogService\Infrastructure\Infrastructure.csproj", "{4509C2FE-10A5-4F35-9BE7-B60886C9048D}"
EndProject
Project("{9A19103F-16F7-4668-BE54-9A1E7A4F7556}") = "Application", "Sources\CatalogService\Application\Application.csproj", "{26E70BED-0379-40DF-993D-743DE2A34E4B}"
EndProject
Project("{2150E333-8FDC-42A3-9474-1A3956D46DE8}") = "CatalogServiceTests", "CatalogServiceTests", "{9E6BBC3E-848E-413D-A0EC-9697A4DC4A1A}"
EndProject
Project("{9A19103F-16F7-4668-BE54-9A1E7A4F7556}") = "Domain", "Sources\CatalogService\Domain\Domain.csproj", "{C08CB159-5DC4-44A9-9BF7-77E3D43A5D40}"
EndProject
Project("{9A19103F-16F7-4668-BE54-9A1E7A4F7556}") = "InfrastructureTests", "Tests\CatalogServiceTests\InfrastructureTests\InfrastructureTests.csproj", "{94A87C6D-124C-48FB-89BB-9E3146AF67C5}"
EndProject
Project("{9A19103F-16F7-4668-BE54-9A1E7A4F7556}") = "DomainTests", "Tests\CatalogServiceTests\DomainTests\DomainTests.csproj", "{0C01423B-34D6-4363-9977-6F836E96F1D9}"
EndProject
Project("{9A19103F-16F7-4668-BE54-9A1E7A4F7556}") = "ApplicationTests", "Tests\CatalogServiceTests\ApplicationTests\ApplicationTests.csproj", "{FA9B0353-BDC7-4A2F-85A8-AB059DB2602F}"
EndProject
Project("{9A19103F-16F7-4668-BE54-9A1E7A4F7556}") = "Web API", "Sources\CatalogService\Web API\Web API.csproj", "{A7335549-4BE4-466F-ABA9-82C86FCB825A}"
EndProject
Project("{2150E333-8FDC-42A3-9474-1A3956D46DE8}") = "CartingService", "CartingService", "{0D5E6D17-8C95-423D-84F0-76EC9B23692F}"
EndProject
Project("{9A19103F-16F7-4668-BE54-9A1E7A4F7556}") = "CartingServiceWEBAPI", "Sources\CartingService\CartingServiceWEBAPI\CartingServiceWEBAPI.csproj", "{071F0AD3-0160-46A8-B51D-B0182F2BFA59}"
EndProject
Project("{2150E333-8FDC-42A3-9474-1A3956D46DE8}") = "CartingServiceTests", "CartingServiceTests", "{9A27B243-1A9B-4915-A5E3-8166FF7E4F26}"
EndProject
Project("{9A19103F-16F7-4668-BE54-9A1E7A4F7556}") = "CartingWEBAPITests", "Tests\CartingServiceTests\CartingWEBAPITests\CartingWEBAPITests.csproj", "{10BE4A94-0F96-4B5D-B094-13B6D5237865}"
EndProject
Project("{9A19103F-16F7-4668-BE54-9A1E7A4F7556}") = "WEBAPITests", "Tests\CatalogServiceTests\WEBAPITests\WEBAPITests.csproj", "{2F928814-4347-426A-A5EE-243E58362940}"
EndProject
Project("{9A19103F-16F7-4668-BE54-9A1E7A4F7556}") = "GrpcCartingService", "Sources\CartingService\GrpcCartingService\GrpcCartingService.csproj", "{F2287FA0-CD77-4A33-9BE4-732CD9DFD4DF}"
EndProject
Global
	GlobalSection(SolutionConfigurationPlatforms) = preSolution
		Debug|Any CPU = Debug|Any CPU
		Release|Any CPU = Release|Any CPU
	EndGlobalSection
	GlobalSection(ProjectConfigurationPlatforms) = postSolution
		{3BC9CFBD-63CE-41C7-825D-9CDCCF802CD6}.Debug|Any CPU.ActiveCfg = Debug|Any CPU
		{3BC9CFBD-63CE-41C7-825D-9CDCCF802CD6}.Debug|Any CPU.Build.0 = Debug|Any CPU
		{3BC9CFBD-63CE-41C7-825D-9CDCCF802CD6}.Release|Any CPU.ActiveCfg = Release|Any CPU
		{3BC9CFBD-63CE-41C7-825D-9CDCCF802CD6}.Release|Any CPU.Build.0 = Release|Any CPU
		{40C8D635-191A-46F3-B6FD-FDDCF5831BF6}.Debug|Any CPU.ActiveCfg = Debug|Any CPU
		{40C8D635-191A-46F3-B6FD-FDDCF5831BF6}.Debug|Any CPU.Build.0 = Debug|Any CPU
		{40C8D635-191A-46F3-B6FD-FDDCF5831BF6}.Release|Any CPU.ActiveCfg = Release|Any CPU
		{40C8D635-191A-46F3-B6FD-FDDCF5831BF6}.Release|Any CPU.Build.0 = Release|Any CPU
		{891338C2-3D76-462E-AA77-BC5330E9AA89}.Debug|Any CPU.ActiveCfg = Debug|Any CPU
		{891338C2-3D76-462E-AA77-BC5330E9AA89}.Debug|Any CPU.Build.0 = Debug|Any CPU
		{891338C2-3D76-462E-AA77-BC5330E9AA89}.Release|Any CPU.ActiveCfg = Release|Any CPU
		{891338C2-3D76-462E-AA77-BC5330E9AA89}.Release|Any CPU.Build.0 = Release|Any CPU
		{CAE9B809-3F21-499C-96AA-267610575491}.Debug|Any CPU.ActiveCfg = Debug|Any CPU
		{CAE9B809-3F21-499C-96AA-267610575491}.Debug|Any CPU.Build.0 = Debug|Any CPU
		{CAE9B809-3F21-499C-96AA-267610575491}.Release|Any CPU.ActiveCfg = Release|Any CPU
		{CAE9B809-3F21-499C-96AA-267610575491}.Release|Any CPU.Build.0 = Release|Any CPU
		{4509C2FE-10A5-4F35-9BE7-B60886C9048D}.Debug|Any CPU.ActiveCfg = Debug|Any CPU
		{4509C2FE-10A5-4F35-9BE7-B60886C9048D}.Debug|Any CPU.Build.0 = Debug|Any CPU
		{4509C2FE-10A5-4F35-9BE7-B60886C9048D}.Release|Any CPU.ActiveCfg = Release|Any CPU
		{4509C2FE-10A5-4F35-9BE7-B60886C9048D}.Release|Any CPU.Build.0 = Release|Any CPU
		{26E70BED-0379-40DF-993D-743DE2A34E4B}.Debug|Any CPU.ActiveCfg = Debug|Any CPU
		{26E70BED-0379-40DF-993D-743DE2A34E4B}.Debug|Any CPU.Build.0 = Debug|Any CPU
		{26E70BED-0379-40DF-993D-743DE2A34E4B}.Release|Any CPU.ActiveCfg = Release|Any CPU
		{26E70BED-0379-40DF-993D-743DE2A34E4B}.Release|Any CPU.Build.0 = Release|Any CPU
		{C08CB159-5DC4-44A9-9BF7-77E3D43A5D40}.Debug|Any CPU.ActiveCfg = Debug|Any CPU
		{C08CB159-5DC4-44A9-9BF7-77E3D43A5D40}.Debug|Any CPU.Build.0 = Debug|Any CPU
		{C08CB159-5DC4-44A9-9BF7-77E3D43A5D40}.Release|Any CPU.ActiveCfg = Release|Any CPU
		{C08CB159-5DC4-44A9-9BF7-77E3D43A5D40}.Release|Any CPU.Build.0 = Release|Any CPU
		{94A87C6D-124C-48FB-89BB-9E3146AF67C5}.Debug|Any CPU.ActiveCfg = Debug|Any CPU
		{94A87C6D-124C-48FB-89BB-9E3146AF67C5}.Debug|Any CPU.Build.0 = Debug|Any CPU
		{94A87C6D-124C-48FB-89BB-9E3146AF67C5}.Release|Any CPU.ActiveCfg = Release|Any CPU
		{94A87C6D-124C-48FB-89BB-9E3146AF67C5}.Release|Any CPU.Build.0 = Release|Any CPU
		{0C01423B-34D6-4363-9977-6F836E96F1D9}.Debug|Any CPU.ActiveCfg = Debug|Any CPU
		{0C01423B-34D6-4363-9977-6F836E96F1D9}.Debug|Any CPU.Build.0 = Debug|Any CPU
		{0C01423B-34D6-4363-9977-6F836E96F1D9}.Release|Any CPU.ActiveCfg = Release|Any CPU
		{0C01423B-34D6-4363-9977-6F836E96F1D9}.Release|Any CPU.Build.0 = Release|Any CPU
		{FA9B0353-BDC7-4A2F-85A8-AB059DB2602F}.Debug|Any CPU.ActiveCfg = Debug|Any CPU
		{FA9B0353-BDC7-4A2F-85A8-AB059DB2602F}.Debug|Any CPU.Build.0 = Debug|Any CPU
		{FA9B0353-BDC7-4A2F-85A8-AB059DB2602F}.Release|Any CPU.ActiveCfg = Release|Any CPU
		{FA9B0353-BDC7-4A2F-85A8-AB059DB2602F}.Release|Any CPU.Build.0 = Release|Any CPU
		{A7335549-4BE4-466F-ABA9-82C86FCB825A}.Debug|Any CPU.ActiveCfg = Debug|Any CPU
		{A7335549-4BE4-466F-ABA9-82C86FCB825A}.Debug|Any CPU.Build.0 = Debug|Any CPU
		{A7335549-4BE4-466F-ABA9-82C86FCB825A}.Release|Any CPU.ActiveCfg = Release|Any CPU
		{A7335549-4BE4-466F-ABA9-82C86FCB825A}.Release|Any CPU.Build.0 = Release|Any CPU
		{071F0AD3-0160-46A8-B51D-B0182F2BFA59}.Debug|Any CPU.ActiveCfg = Debug|Any CPU
		{071F0AD3-0160-46A8-B51D-B0182F2BFA59}.Debug|Any CPU.Build.0 = Debug|Any CPU
		{071F0AD3-0160-46A8-B51D-B0182F2BFA59}.Release|Any CPU.ActiveCfg = Release|Any CPU
		{071F0AD3-0160-46A8-B51D-B0182F2BFA59}.Release|Any CPU.Build.0 = Release|Any CPU
		{10BE4A94-0F96-4B5D-B094-13B6D5237865}.Debug|Any CPU.ActiveCfg = Debug|Any CPU
		{10BE4A94-0F96-4B5D-B094-13B6D5237865}.Debug|Any CPU.Build.0 = Debug|Any CPU
		{10BE4A94-0F96-4B5D-B094-13B6D5237865}.Release|Any CPU.ActiveCfg = Release|Any CPU
		{10BE4A94-0F96-4B5D-B094-13B6D5237865}.Release|Any CPU.Build.0 = Release|Any CPU
		{2F928814-4347-426A-A5EE-243E58362940}.Debug|Any CPU.ActiveCfg = Debug|Any CPU
		{2F928814-4347-426A-A5EE-243E58362940}.Debug|Any CPU.Build.0 = Debug|Any CPU
		{2F928814-4347-426A-A5EE-243E58362940}.Release|Any CPU.ActiveCfg = Release|Any CPU
		{2F928814-4347-426A-A5EE-243E58362940}.Release|Any CPU.Build.0 = Release|Any CPU
		{F2287FA0-CD77-4A33-9BE4-732CD9DFD4DF}.Debug|Any CPU.ActiveCfg = Debug|Any CPU
		{F2287FA0-CD77-4A33-9BE4-732CD9DFD4DF}.Debug|Any CPU.Build.0 = Debug|Any CPU
		{F2287FA0-CD77-4A33-9BE4-732CD9DFD4DF}.Release|Any CPU.ActiveCfg = Release|Any CPU
		{F2287FA0-CD77-4A33-9BE4-732CD9DFD4DF}.Release|Any CPU.Build.0 = Release|Any CPU
	EndGlobalSection
	GlobalSection(SolutionProperties) = preSolution
		HideSolutionNode = FALSE
	EndGlobalSection
	GlobalSection(NestedProjects) = preSolution
		{3BC9CFBD-63CE-41C7-825D-9CDCCF802CD6} = {0D5E6D17-8C95-423D-84F0-76EC9B23692F}
		{40C8D635-191A-46F3-B6FD-FDDCF5831BF6} = {0D5E6D17-8C95-423D-84F0-76EC9B23692F}
		{891338C2-3D76-462E-AA77-BC5330E9AA89} = {68F10E73-D917-4A41-8457-3D36559ECBE1}
		{CAE9B809-3F21-499C-96AA-267610575491} = {68F10E73-D917-4A41-8457-3D36559ECBE1}
		{54BA54EA-A322-44B2-B191-8E5894061D61} = {B8775E17-01F5-4D95-85F5-C51B8C324811}
		{4509C2FE-10A5-4F35-9BE7-B60886C9048D} = {54BA54EA-A322-44B2-B191-8E5894061D61}
		{26E70BED-0379-40DF-993D-743DE2A34E4B} = {54BA54EA-A322-44B2-B191-8E5894061D61}
		{9E6BBC3E-848E-413D-A0EC-9697A4DC4A1A} = {68F10E73-D917-4A41-8457-3D36559ECBE1}
		{C08CB159-5DC4-44A9-9BF7-77E3D43A5D40} = {54BA54EA-A322-44B2-B191-8E5894061D61}
		{94A87C6D-124C-48FB-89BB-9E3146AF67C5} = {9E6BBC3E-848E-413D-A0EC-9697A4DC4A1A}
		{0C01423B-34D6-4363-9977-6F836E96F1D9} = {9E6BBC3E-848E-413D-A0EC-9697A4DC4A1A}
		{FA9B0353-BDC7-4A2F-85A8-AB059DB2602F} = {9E6BBC3E-848E-413D-A0EC-9697A4DC4A1A}
		{A7335549-4BE4-466F-ABA9-82C86FCB825A} = {54BA54EA-A322-44B2-B191-8E5894061D61}
		{0D5E6D17-8C95-423D-84F0-76EC9B23692F} = {B8775E17-01F5-4D95-85F5-C51B8C324811}
		{071F0AD3-0160-46A8-B51D-B0182F2BFA59} = {0D5E6D17-8C95-423D-84F0-76EC9B23692F}
		{9A27B243-1A9B-4915-A5E3-8166FF7E4F26} = {68F10E73-D917-4A41-8457-3D36559ECBE1}
		{10BE4A94-0F96-4B5D-B094-13B6D5237865} = {9A27B243-1A9B-4915-A5E3-8166FF7E4F26}
		{2F928814-4347-426A-A5EE-243E58362940} = {9E6BBC3E-848E-413D-A0EC-9697A4DC4A1A}
		{F2287FA0-CD77-4A33-9BE4-732CD9DFD4DF} = {0D5E6D17-8C95-423D-84F0-76EC9B23692F}
	EndGlobalSection
	GlobalSection(ExtensibilityGlobals) = postSolution
		SolutionGuid = {4BD41CBC-9E53-496D-A1F3-9356D820C86C}
	EndGlobalSection
EndGlobal
